
Microsoft Visual Studio Solution File, Format Version 12.00
Project("{FAE04EC0-301F-11D3-BF4B-00C04F79EFBC}") = "Task1", "Task1\Task1.csproj", "{14587DC1-89AD-4AD2-BD53-2298C540AE78}"
EndProject
Project("{FAE04EC0-301F-11D3-BF4B-00C04F79EFBC}") = "Task2", "Task2\Task2.csproj", "{1BEAE9DC-ED6B-443D-ACFB-582C3DC94C64}"
EndProject
Project("{FAE04EC0-301F-11D3-BF4B-00C04F79EFBC}") = "Task3", "Task3\Task3.csproj", "{01484C0A-9DFF-4269-B1A3-7596F8306C6F}"
EndProject
Project("{FAE04EC0-301F-11D3-BF4B-00C04F79EFBC}") = "Task4", "Task4\Task4.csproj", "{86D70CC5-33DD-4115-B7BC-E48E0AD9541F}"
EndProject
Project("{FAE04EC0-301F-11D3-BF4B-00C04F79EFBC}") = "Task5", "Task5\Task5.csproj", "{14ED54D9-707B-4BEB-86E7-E82895CECF4F}"
EndProject
Project("{FAE04EC0-301F-11D3-BF4B-00C04F79EFBC}") = "Task6", "Task6\Task6.csproj", "{B8E8CDDC-6A99-45F3-A7B3-7C9625BD25FD}"
EndProject
Project("{FAE04EC0-301F-11D3-BF4B-00C04F79EFBC}") = "Task7", "Task7\Task7.csproj", "{0808162C-3257-4107-84CA-11909943642C}"
EndProject
Project("{FAE04EC0-301F-11D3-BF4B-00C04F79EFBC}") = "Task8", "Task8\Task8.csproj", "{CB7063C5-D038-4CAD-9B6D-B7793A71F0AA}"
EndProject
Project("{FAE04EC0-301F-11D3-BF4B-00C04F79EFBC}") = "Task9", "Task9\Task9.csproj", "{10B61D61-69A5-4341-9F39-5B972233283A}"
EndProject
Project("{FAE04EC0-301F-11D3-BF4B-00C04F79EFBC}") = "Task10", "Task10\Task10.csproj", "{7680A657-9AD6-4842-8990-67B967AB2ECD}"
EndProject
Project("{FAE04EC0-301F-11D3-BF4B-00C04F79EFBC}") = "Task11", "Task11\Task11.csproj", "{DBA5F7EA-43CE-42E4-A96A-C80356949D3F}"
EndProject
Project("{FAE04EC0-301F-11D3-BF4B-00C04F79EFBC}") = "Task12", "Task12\Task12.csproj", "{E9B3144E-94E9-44B5-8F76-6E4FC52D9F44}"
EndProject
Project("{FAE04EC0-301F-11D3-BF4B-00C04F79EFBC}") = "Task13", "Task13\Task13.csproj", "{466A7DA0-CE75-43A6-8585-5975B7FF20A7}"
EndProject
Global
	GlobalSection(SolutionConfigurationPlatforms) = preSolution
		Debug|Any CPU = Debug|Any CPU
		Release|Any CPU = Release|Any CPU
	EndGlobalSection
	GlobalSection(ProjectConfigurationPlatforms) = postSolution
		{14587DC1-89AD-4AD2-BD53-2298C540AE78}.Debug|Any CPU.ActiveCfg = Debug|Any CPU
		{14587DC1-89AD-4AD2-BD53-2298C540AE78}.Debug|Any CPU.Build.0 = Debug|Any CPU
		{14587DC1-89AD-4AD2-BD53-2298C540AE78}.Release|Any CPU.ActiveCfg = Release|Any CPU
		{14587DC1-89AD-4AD2-BD53-2298C540AE78}.Release|Any CPU.Build.0 = Release|Any CPU
		{1BEAE9DC-ED6B-443D-ACFB-582C3DC94C64}.Debug|Any CPU.ActiveCfg = Debug|Any CPU
		{1BEAE9DC-ED6B-443D-ACFB-582C3DC94C64}.Debug|Any CPU.Build.0 = Debug|Any CPU
		{1BEAE9DC-ED6B-443D-ACFB-582C3DC94C64}.Release|Any CPU.ActiveCfg = Release|Any CPU
		{1BEAE9DC-ED6B-443D-ACFB-582C3DC94C64}.Release|Any CPU.Build.0 = Release|Any CPU
		{01484C0A-9DFF-4269-B1A3-7596F8306C6F}.Debug|Any CPU.ActiveCfg = Debug|Any CPU
		{01484C0A-9DFF-4269-B1A3-7596F8306C6F}.Debug|Any CPU.Build.0 = Debug|Any CPU
		{01484C0A-9DFF-4269-B1A3-7596F8306C6F}.Release|Any CPU.ActiveCfg = Release|Any CPU
		{01484C0A-9DFF-4269-B1A3-7596F8306C6F}.Release|Any CPU.Build.0 = Release|Any CPU
		{86D70CC5-33DD-4115-B7BC-E48E0AD9541F}.Debug|Any CPU.ActiveCfg = Debug|Any CPU
		{86D70CC5-33DD-4115-B7BC-E48E0AD9541F}.Debug|Any CPU.Build.0 = Debug|Any CPU
		{86D70CC5-33DD-4115-B7BC-E48E0AD9541F}.Release|Any CPU.ActiveCfg = Release|Any CPU
		{86D70CC5-33DD-4115-B7BC-E48E0AD9541F}.Release|Any CPU.Build.0 = Release|Any CPU
		{14ED54D9-707B-4BEB-86E7-E82895CECF4F}.Debug|Any CPU.ActiveCfg = Debug|Any CPU
		{14ED54D9-707B-4BEB-86E7-E82895CECF4F}.Debug|Any CPU.Build.0 = Debug|Any CPU
		{14ED54D9-707B-4BEB-86E7-E82895CECF4F}.Release|Any CPU.ActiveCfg = Release|Any CPU
		{14ED54D9-707B-4BEB-86E7-E82895CECF4F}.Release|Any CPU.Build.0 = Release|Any CPU
		{B8E8CDDC-6A99-45F3-A7B3-7C9625BD25FD}.Debug|Any CPU.ActiveCfg = Debug|Any CPU
		{B8E8CDDC-6A99-45F3-A7B3-7C9625BD25FD}.Debug|Any CPU.Build.0 = Debug|Any CPU
		{B8E8CDDC-6A99-45F3-A7B3-7C9625BD25FD}.Release|Any CPU.ActiveCfg = Release|Any CPU
		{B8E8CDDC-6A99-45F3-A7B3-7C9625BD25FD}.Release|Any CPU.Build.0 = Release|Any CPU
		{0808162C-3257-4107-84CA-11909943642C}.Debug|Any CPU.ActiveCfg = Debug|Any CPU
		{0808162C-3257-4107-84CA-11909943642C}.Debug|Any CPU.Build.0 = Debug|Any CPU
		{0808162C-3257-4107-84CA-11909943642C}.Release|Any CPU.ActiveCfg = Release|Any CPU
		{0808162C-3257-4107-84CA-11909943642C}.Release|Any CPU.Build.0 = Release|Any CPU
		{CB7063C5-D038-4CAD-9B6D-B7793A71F0AA}.Debug|Any CPU.ActiveCfg = Debug|Any CPU
		{CB7063C5-D038-4CAD-9B6D-B7793A71F0AA}.Debug|Any CPU.Build.0 = Debug|Any CPU
		{CB7063C5-D038-4CAD-9B6D-B7793A71F0AA}.Release|Any CPU.ActiveCfg = Release|Any CPU
		{CB7063C5-D038-4CAD-9B6D-B7793A71F0AA}.Release|Any CPU.Build.0 = Release|Any CPU
		{10B61D61-69A5-4341-9F39-5B972233283A}.Debug|Any CPU.ActiveCfg = Debug|Any CPU
		{10B61D61-69A5-4341-9F39-5B972233283A}.Debug|Any CPU.Build.0 = Debug|Any CPU
		{10B61D61-69A5-4341-9F39-5B972233283A}.Release|Any CPU.ActiveCfg = Release|Any CPU
		{10B61D61-69A5-4341-9F39-5B972233283A}.Release|Any CPU.Build.0 = Release|Any CPU
		{7680A657-9AD6-4842-8990-67B967AB2ECD}.Debug|Any CPU.ActiveCfg = Debug|Any CPU
		{7680A657-9AD6-4842-8990-67B967AB2ECD}.Debug|Any CPU.Build.0 = Debug|Any CPU
		{7680A657-9AD6-4842-8990-67B967AB2ECD}.Release|Any CPU.ActiveCfg = Release|Any CPU
		{7680A657-9AD6-4842-8990-67B967AB2ECD}.Release|Any CPU.Build.0 = Release|Any CPU
		{DBA5F7EA-43CE-42E4-A96A-C80356949D3F}.Debug|Any CPU.ActiveCfg = Debug|Any CPU
		{DBA5F7EA-43CE-42E4-A96A-C80356949D3F}.Debug|Any CPU.Build.0 = Debug|Any CPU
		{DBA5F7EA-43CE-42E4-A96A-C80356949D3F}.Release|Any CPU.ActiveCfg = Release|Any CPU
		{DBA5F7EA-43CE-42E4-A96A-C80356949D3F}.Release|Any CPU.Build.0 = Release|Any CPU
		{E9B3144E-94E9-44B5-8F76-6E4FC52D9F44}.Debug|Any CPU.ActiveCfg = Debug|Any CPU
		{E9B3144E-94E9-44B5-8F76-6E4FC52D9F44}.Debug|Any CPU.Build.0 = Debug|Any CPU
		{E9B3144E-94E9-44B5-8F76-6E4FC52D9F44}.Release|Any CPU.ActiveCfg = Release|Any CPU
		{E9B3144E-94E9-44B5-8F76-6E4FC52D9F44}.Release|Any CPU.Build.0 = Release|Any CPU
		{466A7DA0-CE75-43A6-8585-5975B7FF20A7}.Debug|Any CPU.ActiveCfg = Debug|Any CPU
		{466A7DA0-CE75-43A6-8585-5975B7FF20A7}.Debug|Any CPU.Build.0 = Debug|Any CPU
		{466A7DA0-CE75-43A6-8585-5975B7FF20A7}.Release|Any CPU.ActiveCfg = Release|Any CPU
		{466A7DA0-CE75-43A6-8585-5975B7FF20A7}.Release|Any CPU.Build.0 = Release|Any CPU
	EndGlobalSection
EndGlobal
