
Microsoft Visual Studio Solution File, Format Version 12.00
Project("{FAE04EC0-301F-11D3-BF4B-00C04F79EFBC}") = "Task1", "Task1\Task1.csproj", "{14587DC1-89AD-4AD2-BD53-2298C540AE78}"
EndProject
Project("{FAE04EC0-301F-11D3-BF4B-00C04F79EFBC}") = "Task2", "Task2\Task2.csproj", "{1BEAE9DC-ED6B-443D-ACFB-582C3DC94C64}"
EndProject
Project("{FAE04EC0-301F-11D3-BF4B-00C04F79EFBC}") = "Task3", "Task3\Task3.csproj", "{01484C0A-9DFF-4269-B1A3-7596F8306C6F}"
EndProject
Global
	GlobalSection(SolutionConfigurationPlatforms) = preSolution
		Debug|Any CPU = Debug|Any CPU
		Release|Any CPU = Release|Any CPU
	EndGlobalSection
	GlobalSection(ProjectConfigurationPlatforms) = postSolution
		{14587DC1-89AD-4AD2-BD53-2298C540AE78}.Debug|Any CPU.ActiveCfg = Debug|Any CPU
		{14587DC1-89AD-4AD2-BD53-2298C540AE78}.Debug|Any CPU.Build.0 = Debug|Any CPU
		{14587DC1-89AD-4AD2-BD53-2298C540AE78}.Release|Any CPU.ActiveCfg = Release|Any CPU
		{14587DC1-89AD-4AD2-BD53-2298C540AE78}.Release|Any CPU.Build.0 = Release|Any CPU
		{1BEAE9DC-ED6B-443D-ACFB-582C3DC94C64}.Debug|Any CPU.ActiveCfg = Debug|Any CPU
		{1BEAE9DC-ED6B-443D-ACFB-582C3DC94C64}.Debug|Any CPU.Build.0 = Debug|Any CPU
		{1BEAE9DC-ED6B-443D-ACFB-582C3DC94C64}.Release|Any CPU.ActiveCfg = Release|Any CPU
		{1BEAE9DC-ED6B-443D-ACFB-582C3DC94C64}.Release|Any CPU.Build.0 = Release|Any CPU
		{01484C0A-9DFF-4269-B1A3-7596F8306C6F}.Debug|Any CPU.ActiveCfg = Debug|Any CPU
		{01484C0A-9DFF-4269-B1A3-7596F8306C6F}.Debug|Any CPU.Build.0 = Debug|Any CPU
		{01484C0A-9DFF-4269-B1A3-7596F8306C6F}.Release|Any CPU.ActiveCfg = Release|Any CPU
		{01484C0A-9DFF-4269-B1A3-7596F8306C6F}.Release|Any CPU.Build.0 = Release|Any CPU
	EndGlobalSection
EndGlobal
